
Microsoft Visual Studio Solution File, Format Version 12.00
# Visual Studio Version 16
VisualStudioVersion = 16.0.810.19
MinimumVisualStudioVersion = 10.0.40219.1
Project("{FAE04EC0-301F-11D3-BF4B-00C04F79EFBC}") = "projetoCrud", "projetoCrud.csproj", "{C20B3E7F-D74D-4B0E-943C-9312238E6F3D}"
EndProject
Global
	GlobalSection(SolutionConfigurationPlatforms) = preSolution
		Debug|Any CPU = Debug|Any CPU
		Release|Any CPU = Release|Any CPU
	EndGlobalSection
	GlobalSection(ProjectConfigurationPlatforms) = postSolution
		{C20B3E7F-D74D-4B0E-943C-9312238E6F3D}.Debug|Any CPU.ActiveCfg = Debug|Any CPU
		{C20B3E7F-D74D-4B0E-943C-9312238E6F3D}.Debug|Any CPU.Build.0 = Debug|Any CPU
		{C20B3E7F-D74D-4B0E-943C-9312238E6F3D}.Release|Any CPU.ActiveCfg = Release|Any CPU
		{C20B3E7F-D74D-4B0E-943C-9312238E6F3D}.Release|Any CPU.Build.0 = Release|Any CPU
	EndGlobalSection
	GlobalSection(SolutionProperties) = preSolution
		HideSolutionNode = FALSE
	EndGlobalSection
	GlobalSection(ExtensibilityGlobals) = postSolution
		SolutionGuid = {109700FA-0B83-41AA-ABB1-C7AF2C95C775}
	EndGlobalSection
EndGlobal
